
Microsoft Visual Studio Solution File, Format Version 12.00
# Visual Studio Version 17
VisualStudioVersion = 17.4.33403.182
MinimumVisualStudioVersion = 10.0.40219.1
Project("{8BC9CEB8-8B4A-11D0-8D11-00A0C91BC942}") = "Particles", "Prof\Prof.vcxproj", "{70F54D27-1375-4611-86B5-DA843BA05096}"
EndProject
Project("{8BC9CEB8-8B4A-11D0-8D11-00A0C91BC942}") = "Corona", "Corona\Corona.vcxproj", "{EF1E55C4-B974-4255-A5CA-08FD5ED8BC3A}"
EndProject
Project("{8BC9CEB8-8B4A-11D0-8D11-00A0C91BC942}") = "Sea", "Sea\Sea.vcxproj", "{32EF872B-01FA-4CC8-AFF7-1B764C95856D}"
EndProject
Global
	GlobalSection(SolutionConfigurationPlatforms) = preSolution
		Debug|x64 = Debug|x64
		Debug|x86 = Debug|x86
		Release|x64 = Release|x64
		Release|x86 = Release|x86
	EndGlobalSection
	GlobalSection(ProjectConfigurationPlatforms) = postSolution
		{70F54D27-1375-4611-86B5-DA843BA05096}.Debug|x64.ActiveCfg = Debug|x64
		{70F54D27-1375-4611-86B5-DA843BA05096}.Debug|x64.Build.0 = Debug|x64
		{70F54D27-1375-4611-86B5-DA843BA05096}.Debug|x86.ActiveCfg = Debug|Win32
		{70F54D27-1375-4611-86B5-DA843BA05096}.Debug|x86.Build.0 = Debug|Win32
		{70F54D27-1375-4611-86B5-DA843BA05096}.Release|x64.ActiveCfg = Release|x64
		{70F54D27-1375-4611-86B5-DA843BA05096}.Release|x64.Build.0 = Release|x64
		{70F54D27-1375-4611-86B5-DA843BA05096}.Release|x86.ActiveCfg = Release|Win32
		{70F54D27-1375-4611-86B5-DA843BA05096}.Release|x86.Build.0 = Release|Win32
		{EF1E55C4-B974-4255-A5CA-08FD5ED8BC3A}.Debug|x64.ActiveCfg = Debug|x64
		{EF1E55C4-B974-4255-A5CA-08FD5ED8BC3A}.Debug|x64.Build.0 = Debug|x64
		{EF1E55C4-B974-4255-A5CA-08FD5ED8BC3A}.Debug|x86.ActiveCfg = Debug|Win32
		{EF1E55C4-B974-4255-A5CA-08FD5ED8BC3A}.Debug|x86.Build.0 = Debug|Win32
		{EF1E55C4-B974-4255-A5CA-08FD5ED8BC3A}.Release|x64.ActiveCfg = Release|x64
		{EF1E55C4-B974-4255-A5CA-08FD5ED8BC3A}.Release|x64.Build.0 = Release|x64
		{EF1E55C4-B974-4255-A5CA-08FD5ED8BC3A}.Release|x86.ActiveCfg = Release|Win32
		{EF1E55C4-B974-4255-A5CA-08FD5ED8BC3A}.Release|x86.Build.0 = Release|Win32
		{32EF872B-01FA-4CC8-AFF7-1B764C95856D}.Debug|x64.ActiveCfg = Debug|x64
		{32EF872B-01FA-4CC8-AFF7-1B764C95856D}.Debug|x64.Build.0 = Debug|x64
		{32EF872B-01FA-4CC8-AFF7-1B764C95856D}.Debug|x86.ActiveCfg = Debug|Win32
		{32EF872B-01FA-4CC8-AFF7-1B764C95856D}.Debug|x86.Build.0 = Debug|Win32
		{32EF872B-01FA-4CC8-AFF7-1B764C95856D}.Release|x64.ActiveCfg = Release|x64
		{32EF872B-01FA-4CC8-AFF7-1B764C95856D}.Release|x64.Build.0 = Release|x64
		{32EF872B-01FA-4CC8-AFF7-1B764C95856D}.Release|x86.ActiveCfg = Release|Win32
		{32EF872B-01FA-4CC8-AFF7-1B764C95856D}.Release|x86.Build.0 = Release|Win32
	EndGlobalSection
	GlobalSection(SolutionProperties) = preSolution
		HideSolutionNode = FALSE
	EndGlobalSection
	GlobalSection(ExtensibilityGlobals) = postSolution
		SolutionGuid = {3B725827-657F-46A0-B720-4670494AFD3F}
	EndGlobalSection
EndGlobal
